PODS:
  - CocoaAsyncSocket (7.6.4)
  - CocoaMQTT (1.2.5):
    - CocoaAsyncSocket (~> 7.6.3)

DEPENDENCIES:
  - CocoaMQTT

SPEC REPOS:
  trunk:
    - CocoaAsyncSocket
    - CocoaMQTT

SPEC CHECKSUMS:
  CocoaAsyncSocket: 694058e7c0ed05a9e217d1b3c7ded962f4180845
  CocoaMQTT: a61490ed3b328011c5d75169a77781983e2bb221

PODFILE CHECKSUM: 6b98be99e71b53ea6c2c3d506ce72cd027e7e95a

COCOAPODS: 1.9.3
